
Microsoft Visual Studio Solution File, Format Version 12.00
# Visual Studio Version 16
VisualStudioVersion = 16.0.30907.101
MinimumVisualStudioVersion = 10.0.40219.1
Project("{FAE04EC0-301F-11D3-BF4B-00C04F79EFBC}") = "Ritual Services Api", "Ritual Services Api\Ritual Services Api.csproj", "{BD4D7C0B-2D32-4815-8651-6B50088F3117}"
EndProject
Global
	GlobalSection(SolutionConfigurationPlatforms) = preSolution
		Debug|Any CPU = Debug|Any CPU
		Release|Any CPU = Release|Any CPU
	EndGlobalSection
	GlobalSection(ProjectConfigurationPlatforms) = postSolution
		{BD4D7C0B-2D32-4815-8651-6B50088F3117}.Debug|Any CPU.ActiveCfg = Debug|Any CPU
		{BD4D7C0B-2D32-4815-8651-6B50088F3117}.Debug|Any CPU.Build.0 = Debug|Any CPU
		{BD4D7C0B-2D32-4815-8651-6B50088F3117}.Release|Any CPU.ActiveCfg = Release|Any CPU
		{BD4D7C0B-2D32-4815-8651-6B50088F3117}.Release|Any CPU.Build.0 = Release|Any CPU
	EndGlobalSection
	GlobalSection(SolutionProperties) = preSolution
		HideSolutionNode = FALSE
	EndGlobalSection
	GlobalSection(ExtensibilityGlobals) = postSolution
		SolutionGuid = {23C3A21C-E0DC-4C19-94D3-99AC3186F65E}
	EndGlobalSection
EndGlobal
