{
  "requires": true,
  "lockfileVersion": 1,
  "dependencies": {
    "angular-loader": {
      "version": "1.8.2",
      "resolved": "https://registry.npmjs.org/angular-loader/-/angular-loader-1.8.2.tgz",
      "integrity": "sha512-UyaVnPSGwZO4cG7zGYXnqHQ5emTDbl7TKAUA5+CDRS/c3d9pxtpHUlZH+jHvhgJAQyIkky4115L/R6bXJsf+EQ=="
    }
  }
}
